{
  "version": 4,
  "terraform_version": "1.7.2",
  "serial": 4,
  "lineage": "81151e35-ec0c-f836-8859-6643bbce2aea",
  "outputs": {},
  "resources": [
    {
      "mode": "data",
      "type": "google_compute_network",
      "name": "my-network",
      "provider": "provider[\"registry.terraform.io/hashicorp/google\"]",
      "instances": [
        {
          "schema_version": 0,
          "attributes": {
            "description": "",
            "gateway_ipv4": "",
            "id": "projects/devops-practice-411411/global/networks/nat",
            "internal_ipv6_range": "",
            "name": "nat",
            "project": null,
            "self_link": "https://www.googleapis.com/compute/v1/projects/devops-practice-411411/global/networks/nat",
            "subnetworks_self_links": [
              "https://www.googleapis.com/compute/v1/projects/devops-practice-411411/regions/us-central1/subnetworks/private",
              "https://www.googleapis.com/compute/v1/projects/devops-practice-411411/regions/us-central1/subnetworks/public"
            ]
          },
          "sensitive_attributes": []
        }
      ]
    },
    {
      "mode": "data",
      "type": "google_compute_subnetwork",
      "name": "my-subnetwork",
      "provider": "provider[\"registry.terraform.io/hashicorp/google\"]",
      "instances": [
        {
          "schema_version": 0,
          "attributes": {
            "description": "",
            "gateway_address": "10.0.0.1",
            "id": "projects/devops-practice-411411/regions/us-central1/subnetworks/private",
            "internal_ipv6_prefix": "",
            "ip_cidr_range": "10.0.0.0/24",
            "name": "private",
            "network": "https://www.googleapis.com/compute/v1/projects/devops-practice-411411/global/networks/nat",
            "private_ip_google_access": true,
            "project": "devops-practice-411411",
            "region": "us-central1",
            "secondary_ip_range": [],
            "self_link": "https://www.googleapis.com/compute/v1/projects/devops-practice-411411/regions/us-central1/subnetworks/private"
          },
          "sensitive_attributes": []
        }
      ]
    },
    {
      "mode": "managed",
      "type": "google_compute_instance",
      "name": "basic_vm",
      "provider": "provider[\"registry.terraform.io/hashicorp/google\"]",
      "instances": [
        {
          "schema_version": 6,
          "attributes": {
            "advanced_machine_features": [],
            "allow_stopping_for_update": null,
            "attached_disk": [],
            "boot_disk": [
              {
                "auto_delete": true,
                "device_name": "persistent-disk-0",
                "disk_encryption_key_raw": "",
                "disk_encryption_key_sha256": "",
                "initialize_params": [
                  {
                    "enable_confidential_compute": false,
                    "image": "https://www.googleapis.com/compute/v1/projects/debian-cloud/global/images/debian-11-bullseye-v20240213",
                    "labels": {},
                    "provisioned_iops": 0,
                    "provisioned_throughput": 0,
                    "resource_manager_tags": null,
                    "size": 10,
                    "type": "pd-standard"
                  }
                ],
                "kms_key_self_link": "",
                "mode": "READ_WRITE",
                "source": "https://www.googleapis.com/compute/v1/projects/devops-practice-411411/zones/us-central1-a/disks/terraform-private"
              }
            ],
            "can_ip_forward": false,
            "confidential_instance_config": [],
            "cpu_platform": "Intel Broadwell",
            "current_status": "RUNNING",
            "deletion_protection": false,
            "description": "",
            "desired_status": null,
            "effective_labels": {},
            "enable_display": false,
            "guest_accelerator": [],
            "hostname": "",
            "id": "projects/devops-practice-411411/zones/us-central1-a/instances/terraform-private",
            "instance_id": "5562132653196446690",
            "label_fingerprint": "42WmSpB8rSM=",
            "labels": null,
            "machine_type": "e2-micro",
            "metadata": null,
            "metadata_fingerprint": "sfCMygJ8b60=",
            "metadata_startup_script": null,
            "min_cpu_platform": "",
            "name": "terraform-private",
            "network_interface": [
              {
                "access_config": [],
                "alias_ip_range": [],
                "internal_ipv6_prefix_length": 0,
                "ipv6_access_config": [],
                "ipv6_access_type": "",
                "ipv6_address": "",
                "name": "nic0",
                "network": "https://www.googleapis.com/compute/v1/projects/devops-practice-411411/global/networks/nat",
                "network_ip": "10.0.0.4",
                "nic_type": "",
                "queue_count": 0,
                "stack_type": "IPV4_ONLY",
                "subnetwork": "https://www.googleapis.com/compute/v1/projects/devops-practice-411411/regions/us-central1/subnetworks/private",
                "subnetwork_project": "devops-practice-411411"
              }
            ],
            "network_performance_config": [],
            "params": [],
            "project": "devops-practice-411411",
            "reservation_affinity": [],
            "resource_policies": null,
            "scheduling": [
              {
                "automatic_restart": true,
                "instance_termination_action": "",
                "local_ssd_recovery_timeout": [],
                "min_node_cpus": 0,
                "node_affinities": [],
                "on_host_maintenance": "MIGRATE",
                "preemptible": false,
                "provisioning_model": "STANDARD"
              }
            ],
            "scratch_disk": [],
            "self_link": "https://www.googleapis.com/compute/v1/projects/devops-practice-411411/zones/us-central1-a/instances/terraform-private",
            "service_account": [],
            "shielded_instance_config": [
              {
                "enable_integrity_monitoring": true,
                "enable_secure_boot": false,
                "enable_vtpm": true
              }
            ],
            "tags": null,
            "tags_fingerprint": "42WmSpB8rSM=",
            "terraform_labels": {},
            "timeouts": null,
            "zone": "us-central1-a"
          },
          "sensitive_attributes": [],
          "private": "eyJlMmJmYjczMC1lY2FhLTExZTYtOGY4OC0zNDM2M2JjN2M0YzAiOnsiY3JlYXRlIjoxMjAwMDAwMDAwMDAwLCJkZWxldGUiOjEyMDAwMDAwMDAwMDAsInVwZGF0ZSI6MTIwMDAwMDAwMDAwMH0sInNjaGVtYV92ZXJzaW9uIjoiNiJ9",
          "dependencies": [
            "data.google_compute_network.my-network",
            "data.google_compute_subnetwork.my-subnetwork"
          ]
        }
      ]
    },
    {
      "mode": "managed",
      "type": "google_compute_router",
      "name": "foobar",
      "provider": "provider[\"registry.terraform.io/hashicorp/google\"]",
      "instances": [
        {
          "schema_version": 0,
          "attributes": {
            "bgp": [],
            "creation_timestamp": "2024-02-14T22:54:05.236-08:00",
            "description": "",
            "encrypted_interconnect_router": false,
            "id": "projects/devops-practice-411411/regions/us-central1/routers/nat-terraform",
            "name": "nat-terraform",
            "network": "https://www.googleapis.com/compute/v1/projects/devops-practice-411411/global/networks/nat",
            "project": "devops-practice-411411",
            "region": "us-central1",
            "self_link": "https://www.googleapis.com/compute/v1/projects/devops-practice-411411/regions/us-central1/routers/nat-terraform",
            "timeouts": null
          },
          "sensitive_attributes": [],
          "private": "eyJlMmJmYjczMC1lY2FhLTExZTYtOGY4OC0zNDM2M2JjN2M0YzAiOnsiY3JlYXRlIjoxMjAwMDAwMDAwMDAwLCJkZWxldGUiOjEyMDAwMDAwMDAwMDAsInVwZGF0ZSI6MTIwMDAwMDAwMDAwMH19",
          "dependencies": [
            "data.google_compute_network.my-network"
          ]
        }
      ]
    },
    {
      "mode": "managed",
      "type": "google_compute_router_nat",
      "name": "nat",
      "provider": "provider[\"registry.terraform.io/hashicorp/google\"]",
      "instances": [
        {
          "schema_version": 0,
          "attributes": {
            "drain_nat_ips": null,
            "enable_dynamic_port_allocation": false,
            "enable_endpoint_independent_mapping": false,
            "icmp_idle_timeout_sec": 30,
            "id": "devops-practice-411411/us-central1/nat-terraform/nat-terraform",
            "log_config": [],
            "max_ports_per_vm": 0,
            "min_ports_per_vm": 0,
            "name": "nat-terraform",
            "nat_ip_allocate_option": "AUTO_ONLY",
            "nat_ips": null,
            "project": "devops-practice-411411",
            "region": "us-central1",
            "router": "nat-terraform",
            "rules": [],
            "source_subnetwork_ip_ranges_to_nat": "LIST_OF_SUBNETWORKS",
            "subnetwork": [
              {
                "name": "https://www.googleapis.com/compute/v1/projects/devops-practice-411411/regions/us-central1/subnetworks/private",
                "secondary_ip_range_names": [],
                "source_ip_ranges_to_nat": [
                  "ALL_IP_RANGES"
                ]
              }
            ],
            "tcp_established_idle_timeout_sec": 1200,
            "tcp_time_wait_timeout_sec": 120,
            "tcp_transitory_idle_timeout_sec": 30,
            "timeouts": null,
            "udp_idle_timeout_sec": 30
          },
          "sensitive_attributes": [],
          "private": "eyJlMmJmYjczMC1lY2FhLTExZTYtOGY4OC0zNDM2M2JjN2M0YzAiOnsiY3JlYXRlIjoxMjAwMDAwMDAwMDAwLCJkZWxldGUiOjEyMDAwMDAwMDAwMDAsInVwZGF0ZSI6MTIwMDAwMDAwMDAwMH19",
          "dependencies": [
            "data.google_compute_network.my-network",
            "data.google_compute_subnetwork.my-subnetwork",
            "google_compute_router.foobar"
          ]
        }
      ]
    }
  ],
  "check_results": null
}
